
Microsoft Visual Studio Solution File, Format Version 12.00
# Visual Studio 2012
Project("{FAE04EC0-301F-11D3-BF4B-00C04F79EFBC}") = "MoshineNuGetServer", "MoshineNuGetServer.csproj", "{19A7DBB4-7631-4285-B49B-22AD4B7889BC}"
EndProject
Global
	GlobalSection(SolutionConfigurationPlatforms) = preSolution
		Debug|Any CPU = Debug|Any CPU
		Release|Any CPU = Release|Any CPU
	EndGlobalSection
	GlobalSection(ProjectConfigurationPlatforms) = postSolution
		{19A7DBB4-7631-4285-B49B-22AD4B7889BC}.Debug|Any CPU.ActiveCfg = Debug|Any CPU
		{19A7DBB4-7631-4285-B49B-22AD4B7889BC}.Debug|Any CPU.Build.0 = Debug|Any CPU
		{19A7DBB4-7631-4285-B49B-22AD4B7889BC}.Release|Any CPU.ActiveCfg = Release|Any CPU
		{19A7DBB4-7631-4285-B49B-22AD4B7889BC}.Release|Any CPU.Build.0 = Release|Any CPU
	EndGlobalSection
EndGlobal
